[[package]]
name = "pillow"
version = "8.4.0"
description = "Python Imaging Library (Fork)"
category = "main"
optional = false
python-versions = ">=3.6"

[[package]]
name = "pyqt6"
version = "6.2.0"
description = "Python bindings for the Qt cross platform application toolkit"
category = "main"
optional = false
python-versions = ">=3.6.1"

[package.dependencies]
PyQt6-Qt6 = ">=6.2.0"
PyQt6-sip = ">=13.1,<14"

[[package]]
name = "pyqt6-qt6"
version = "6.2.0"
description = "The subset of a Qt installation needed by PyQt6."
category = "main"
optional = false
python-versions = "*"

[[package]]
name = "pyqt6-sip"
version = "13.1.0"
description = "The sip module support for PyQt6"
category = "main"
optional = false
python-versions = ">=3.6"

[metadata]
lock-version = "1.1"
python-versions = "^3.9"
content-hash = "ea9faad798d9601fdeb8786f25073a976f60fce0596329ff41e1e9538511d593"

[metadata.files]
pillow = [
    {file = "Pillow-8.4.0-cp310-cp310-macosx_10_10_universal2.whl", hash = "sha256:81f8d5c81e483a9442d72d182e1fb6dcb9723f289a57e8030811bac9ea3fef8d"},
    {file = "Pillow-8.4.0-cp310-cp310-macosx_11_0_arm64.whl", hash = "sha256:3f97cfb1e5a392d75dd8b9fd274d205404729923840ca94ca45a0af57e13dbe6"},
    {file = "Pillow-8.4.0-cp310-cp310-manylinux_2_17_aarch64.manylinux2014_aarch64.whl", hash = "sha256:eb9fc393f3c61f9054e1ed26e6fe912c7321af2f41ff49d3f83d05bacf22cc78"},
    {file = "Pillow-8.4.0-cp310-cp310-manylinux_2_17_i686.manylinux2014_i686.whl", hash = "sha256:d82cdb63100ef5eedb8391732375e6d05993b765f72cb34311fab92103314649"},
    {file = "Pillow-8.4.0-cp310-cp310-manylinux_2_17_x86_64.manylinux2014_x86_64.whl", hash = "sha256:62cc1afda735a8d109007164714e73771b499768b9bb5afcbbee9d0ff374b43f"},
    {file = "Pillow-8.4.0-cp310-cp310-win32.whl", hash = "sha256:e3dacecfbeec9a33e932f00c6cd7996e62f53ad46fbe677577394aaa90ee419a"},
    {file = "Pillow-8.4.0-cp310-cp310-win_amd64.whl", hash = "sha256:620582db2a85b2df5f8a82ddeb52116560d7e5e6b055095f04ad828d1b0baa39"},
    {file = "Pillow-8.4.0-cp36-cp36m-macosx_10_10_x86_64.whl", hash = "sha256:1bc723b434fbc4ab50bb68e11e93ce5fb69866ad621e3c2c9bdb0cd70e345f55"},
    {file = "Pillow-8.4.0-cp36-cp36m-manylinux_2_17_aarch64.manylinux2014_aarch64.whl", hash = "sha256:72cbcfd54df6caf85cc35264c77ede902452d6df41166010262374155947460c"},
    {file = "Pillow-8.4.0-cp36-cp36m-manylinux_2_17_i686.manylinux2014_i686.whl", hash = "sha256:70ad9e5c6cb9b8487280a02c0ad8a51581dcbbe8484ce058477692a27c151c0a"},
    {file = "Pillow-8.4.0-cp36-cp36m-manylinux_2_17_x86_64.manylinux2014_x86_64.whl", hash = "sha256:25a49dc2e2f74e65efaa32b153527fc5ac98508d502fa46e74fa4fd678ed6645"},
    {file = "Pillow-8.4.0-cp36-cp36m-win32.whl", hash = "sha256:93ce9e955cc95959df98505e4608ad98281fff037350d8c2671c9aa86bcf10a9"},
    {file = "Pillow-8.4.0-cp36-cp36m-win_amd64.whl", hash = "sha256:2e4440b8f00f504ee4b53fe30f4e381aae30b0568193be305256b1462216feff"},
    {file = "Pillow-8.4.0-cp37-cp37m-macosx_10_10_x86_64.whl", hash = "sha256:8c803ac3c28bbc53763e6825746f05cc407b20e4a69d0122e526a582e3b5e153"},
    {file = "Pillow-8.4.0-cp37-cp37m-manylinux_2_17_aarch64.manylinux2014_aarch64.whl", hash = "sha256:c8a17b5d948f4ceeceb66384727dde11b240736fddeda54ca740b9b8b1556b29"},
    {file = "Pillow-8.4.0-cp37-cp37m-manylinux_2_17_i686.manylinux2014_i686.whl", hash = "sha256:1394a6ad5abc838c5cd8a92c5a07535648cdf6d09e8e2d6df916dfa9ea86ead8"},
    {file = "Pillow-8.4.0-cp37-cp37m-manylinux_2_17_x86_64.manylinux2014_x86_64.whl", hash = "sha256:792e5c12376594bfcb986ebf3855aa4b7c225754e9a9521298e460e92fb4a488"},
    {file = "Pillow-8.4.0-cp37-cp37m-win32.whl", hash = "sha256:d99ec152570e4196772e7a8e4ba5320d2d27bf22fdf11743dd882936ed64305b"},
    {file = "Pillow-8.4.0-cp37-cp37m-win_amd64.whl", hash = "sha256:7b7017b61bbcdd7f6363aeceb881e23c46583739cb69a3ab39cb384f6ec82e5b"},
    {file = "Pillow-8.4.0-cp38-cp38-macosx_10_10_x86_64.whl", hash = "sha256:d89363f02658e253dbd171f7c3716a5d340a24ee82d38aab9183f7fdf0cdca49"},
    {file = "Pillow-8.4.0-cp38-cp38-macosx_11_0_arm64.whl", hash = "sha256:0a0956fdc5defc34462bb1c765ee88d933239f9a94bc37d132004775241a7585"},
    {file = "Pillow-8.4.0-cp38-cp38-manylinux_2_17_aarch64.manylinux2014_aarch64.whl", hash = "sha256:5b7bb9de00197fb4261825c15551adf7605cf14a80badf1761d61e59da347779"},
    {file = "Pillow-8.4.0-cp38-cp38-manylinux_2_17_i686.manylinux2014_i686.whl", hash = "sha256:72b9e656e340447f827885b8d7a15fc8c4e68d410dc2297ef6787eec0f0ea409"},
    {file = "Pillow-8.4.0-cp38-cp38-manylinux_2_17_x86_64.manylinux2014_x86_64.whl", hash = "sha256:a5a4532a12314149d8b4e4ad8ff09dde7427731fcfa5917ff16d0291f13609df"},
    {file = "Pillow-8.4.0-cp38-cp38-win32.whl", hash = "sha256:82aafa8d5eb68c8463b6e9baeb4f19043bb31fefc03eb7b216b51e6a9981ae09"},
    {file = "Pillow-8.4.0-cp38-cp38-win_amd64.whl", hash = "sha256:066f3999cb3b070a95c3652712cffa1a748cd02d60ad7b4e485c3748a04d9d76"},
    {file = "Pillow-8.4.0-cp39-cp39-macosx_10_10_x86_64.whl", hash = "sha256:5503c86916d27c2e101b7f71c2ae2cddba01a2cf55b8395b0255fd33fa4d1f1a"},
    {file = "Pillow-8.4.0-cp39-cp39-macosx_11_0_arm64.whl", hash = "sha256:4acc0985ddf39d1bc969a9220b51d94ed51695d455c228d8ac29fcdb25810e6e"},
    {file = "Pillow-8.4.0-cp39-cp39-manylinux_2_17_aarch64.manylinux2014_aarch64.whl", hash = "sha256:0b052a619a8bfcf26bd8b3f48f45283f9e977890263e4571f2393ed8898d331b"},
    {file = "Pillow-8.4.0-cp39-cp39-manylinux_2_17_i686.manylinux2014_i686.whl", hash = "sha256:493cb4e415f44cd601fcec11c99836f707bb714ab03f5ed46ac25713baf0ff20"},
    {file = "Pillow-8.4.0-cp39-cp39-manylinux_2_17_x86_64.manylinux2014_x86_64.whl", hash = "sha256:b8831cb7332eda5dc89b21a7bce7ef6ad305548820595033a4b03cf3091235ed"},
    {file = "Pillow-8.4.0-cp39-cp39-win32.whl", hash = "sha256:5e9ac5f66616b87d4da618a20ab0a38324dbe88d8a39b55be8964eb520021e02"},
    {file = "Pillow-8.4.0-cp39-cp39-win_amd64.whl", hash = "sha256:3eb1ce5f65908556c2d8685a8f0a6e989d887ec4057326f6c22b24e8a172c66b"},
    {file = "Pillow-8.4.0-pp36-pypy36_pp73-macosx_10_10_x86_64.whl", hash = "sha256:ddc4d832a0f0b4c52fff973a0d44b6c99839a9d016fe4e6a1cb8f3eea96479c2"},
    {file = "Pillow-8.4.0-pp36-pypy36_pp73-manylinux_2_17_i686.manylinux2014_i686.whl", hash = "sha256:9a3e5ddc44c14042f0844b8cf7d2cd455f6cc80fd7f5eefbe657292cf601d9ad"},
    {file = "Pillow-8.4.0-pp36-pypy36_pp73-manylinux_2_17_x86_64.manylinux2014_x86_64.whl", hash = "sha256:c70e94281588ef053ae8998039610dbd71bc509e4acbc77ab59d7d2937b10698"},
    {file = "Pillow-8.4.0-pp37-pypy37_pp73-macosx_10_10_x86_64.whl", hash = "sha256:3862b7256046fcd950618ed22d1d60b842e3a40a48236a5498746f21189afbbc"},
    {file = "Pillow-8.4.0-pp37-pypy37_pp73-manylinux_2_17_i686.manylinux2014_i686.whl", hash = "sha256:a4901622493f88b1a29bd30ec1a2f683782e57c3c16a2dbc7f2595ba01f639df"},
    {file = "Pillow-8.4.0-pp37-pypy37_pp73-manylinux_2_17_x86_64.manylinux2014_x86_64.whl", hash = "sha256:84c471a734240653a0ec91dec0996696eea227eafe72a33bd06c92697728046b"},
    {file = "Pillow-8.4.0-pp37-pypy37_pp73-win_amd64.whl", hash = "sha256:244cf3b97802c34c41905d22810846802a3329ddcb93ccc432870243211c79fc"},
    {file = "Pillow-8.4.0.tar.gz", hash = "sha256:b8e2f83c56e141920c39464b852de3719dfbfb6e3c99a2d8da0edf4fb33176ed"},
]
pyqt6 = [
    {file = "PyQt6-6.2.0-cp36-abi3-macosx_10_14_universal2.whl", hash = "sha256:8d883b66d2b902862b90ff51696e408aa618f1e4e9d392c98f13925b5983068b"},
    {file = "PyQt6-6.2.0-cp36-abi3-manylinux_2_28_x86_64.whl", hash = "sha256:c43f4bb7dbe58b262b88da137de54a140091a5273b3333406a76507551c34321"},
    {file = "PyQt6-6.2.0-cp36-abi3-win_amd64.whl", hash = "sha256:ea4c1502214eed9090937f46ed33aca054ddc46240d6c5ce09886d1d6886b50e"},
    {file = "PyQt6-6.2.0.tar.gz", hash = "sha256:142ce7fa574d7ebb13fb0a2ebd18c86087c35829f786c094a71a0749155d8fee"},
]
pyqt6-qt6 = [
    {file = "PyQt6_Qt6-6.2.0-py3-none-macosx_10_14_intel.whl", hash = "sha256:7749e44ab5ca98aba766b283bcd08ebeb0ffb09e427efc7beac0c571525f3c5e"},
    {file = "PyQt6_Qt6-6.2.0-py3-none-macosx_11_0_arm64.whl", hash = "sha256:8786664d7268d63be47e153ae896dff340c8d18991e9d24a61d0413312aed658"},
    {file = "PyQt6_Qt6-6.2.0-py3-none-manylinux_2_28_x86_64.whl", hash = "sha256:c0d4c1b1b7bd0c9f21a6284d6aa53c041cb36dc464acb403cbe1bc8845090d30"},
    {file = "PyQt6_Qt6-6.2.0-py3-none-win_amd64.whl", hash = "sha256:806dc7289614f08e1fa28ac5abbbbf2d61305a416b8183045b9c535321c7309c"},
]
pyqt6-sip = [
    {file = "PyQt6_sip-13.1.0-cp310-cp310-macosx_10_9_universal2.whl", hash = "sha256:cbc4ee1997c029d84c2f5ac8ab10089943d93e7b5eb9399a967b93969127c61d"},
    {file = "PyQt6_sip-13.1.0-cp310-cp310-manylinux1_x86_64.whl", hash = "sha256:c6e1864f0018bb2e27a42a32018fe298790bac1e835bc2a699f341b51c884e7b"},
    {file = "PyQt6_sip-13.1.0-cp310-cp310-win_amd64.whl", hash = "sha256:d286186990c2180d2b631660b5eaee202bbba031b87b73272d7b7c2ae1c4d001"},
    {file = "PyQt6_sip-13.1.0-cp36-cp36m-macosx_10_6_intel.whl", hash = "sha256:f591414ea4e3029a4873286496b6685d6a260249f0375657c1043e4db5a5514c"},
    {file = "PyQt6_sip-13.1.0-cp36-cp36m-manylinux1_x86_64.whl", hash = "sha256:04c5f6dd0c5be27f27be286e500cf1dd718b9e00b735b88b5e2ada74d86326e6"},
    {file = "PyQt6_sip-13.1.0-cp36-cp36m-win_amd64.whl", hash = "sha256:1afbba8d83a55164e150e04f8ed52a3a5292a347ddaecbc6f0b819fadccdb176"},
    {file = "PyQt6_sip-13.1.0-cp37-cp37m-macosx_10_9_x86_64.whl", hash = "sha256:a892f66d506a7adc40c03d95ef54c152614f32c2975f534cd9deb44ca94d1124"},
    {file = "PyQt6_sip-13.1.0-cp37-cp37m-manylinux1_x86_64.whl", hash = "sha256:48fab3bc4121d77c081102ad074f63deeae4736b1a88dd19fe05364421f28376"},
    {file = "PyQt6_sip-13.1.0-cp37-cp37m-win_amd64.whl", hash = "sha256:5d5001c1ed83b0b9946f5a2b9a9b27f9631dc6613306f88f3946437205d176be"},
    {file = "PyQt6_sip-13.1.0-cp38-cp38-macosx_10_9_x86_64.whl", hash = "sha256:ee7e635aadc3d3baaeb8ec509e562d7d6cc5c6d738cb874186f076742a2aec27"},
    {file = "PyQt6_sip-13.1.0-cp38-cp38-manylinux1_x86_64.whl", hash = "sha256:c6d017380c0a3e8ef94f6eecc119a056ec3e6f71c9c5b7957a1c2dc51007901f"},
    {file = "PyQt6_sip-13.1.0-cp38-cp38-win_amd64.whl", hash = "sha256:da4742ad9a983dd384a28d743dd14c47de4842ab476c90a36e8f261998cf83ec"},
    {file = "PyQt6_sip-13.1.0-cp39-cp39-macosx_10_9_x86_64.whl", hash = "sha256:f36c6c73137b835024f0bcefe17b74a1fcacd759ebf1a01460f353ced1c34a30"},
    {file = "PyQt6_sip-13.1.0-cp39-cp39-manylinux1_x86_64.whl", hash = "sha256:c20fdbc8f50052242c84680d9cf1580dd815b2d55ae73e71885864b0320b3585"},
    {file = "PyQt6_sip-13.1.0-cp39-cp39-win_amd64.whl", hash = "sha256:6f0c3fa80b81bb28701772b9d89e11fe3677591048b18d50224bea0138063597"},
    {file = "PyQt6_sip-13.1.0.tar.gz", hash = "sha256:7c31073fe8e6cb8a42e85d60d3a096700a9047c772b354d6227dfe965566ec8a"},
]
